
Microsoft Visual Studio Solution File, Format Version 12.00
# Visual Studio Version 16
VisualStudioVersion = 16.0.31911.196
MinimumVisualStudioVersion = 10.0.40219.1
Project("{9A19103F-16F7-4668-BE54-9A1E7A4F7556}") = "TarefaSiteEF", "TarefaSiteEF\TarefaSiteEF.csproj", "{14B24AC3-6797-4C55-93B4-7B1633B974FC}"
EndProject
Project("{9A19103F-16F7-4668-BE54-9A1E7A4F7556}") = "Tarefas.Dominio", "Tarefas.Dominio\Tarefas.Dominio.csproj", "{E96D5410-30B4-48A4-A9BC-4BABC497B3F0}"
EndProject
Project("{9A19103F-16F7-4668-BE54-9A1E7A4F7556}") = "Tarefas.Infra", "Tarefas.Infra\Tarefas.Infra.csproj", "{44CEDD29-14FC-47C1-9654-56B437E353D6}"
EndProject
Global
	GlobalSection(SolutionConfigurationPlatforms) = preSolution
		Debug|Any CPU = Debug|Any CPU
		Release|Any CPU = Release|Any CPU
	EndGlobalSection
	GlobalSection(ProjectConfigurationPlatforms) = postSolution
		{14B24AC3-6797-4C55-93B4-7B1633B974FC}.Debug|Any CPU.ActiveCfg = Debug|Any CPU
		{14B24AC3-6797-4C55-93B4-7B1633B974FC}.Debug|Any CPU.Build.0 = Debug|Any CPU
		{14B24AC3-6797-4C55-93B4-7B1633B974FC}.Release|Any CPU.ActiveCfg = Release|Any CPU
		{14B24AC3-6797-4C55-93B4-7B1633B974FC}.Release|Any CPU.Build.0 = Release|Any CPU
		{E96D5410-30B4-48A4-A9BC-4BABC497B3F0}.Debug|Any CPU.ActiveCfg = Debug|Any CPU
		{E96D5410-30B4-48A4-A9BC-4BABC497B3F0}.Debug|Any CPU.Build.0 = Debug|Any CPU
		{E96D5410-30B4-48A4-A9BC-4BABC497B3F0}.Release|Any CPU.ActiveCfg = Release|Any CPU
		{E96D5410-30B4-48A4-A9BC-4BABC497B3F0}.Release|Any CPU.Build.0 = Release|Any CPU
		{44CEDD29-14FC-47C1-9654-56B437E353D6}.Debug|Any CPU.ActiveCfg = Debug|Any CPU
		{44CEDD29-14FC-47C1-9654-56B437E353D6}.Debug|Any CPU.Build.0 = Debug|Any CPU
		{44CEDD29-14FC-47C1-9654-56B437E353D6}.Release|Any CPU.ActiveCfg = Release|Any CPU
		{44CEDD29-14FC-47C1-9654-56B437E353D6}.Release|Any CPU.Build.0 = Release|Any CPU
	EndGlobalSection
	GlobalSection(SolutionProperties) = preSolution
		HideSolutionNode = FALSE
	EndGlobalSection
	GlobalSection(ExtensibilityGlobals) = postSolution
		SolutionGuid = {0B2723A7-D02F-4FCE-9A27-A29D37C49DD7}
	EndGlobalSection
EndGlobal
